
Microsoft Visual Studio Solution File, Format Version 12.00
# Visual Studio 15
VisualStudioVersion = 15.0.27130.2003
MinimumVisualStudioVersion = 10.0.40219.1
Project("{9A19103F-16F7-4668-BE54-9A1E7A4F7556}") = "InterReact", "InterReact\InterReact.csproj", "{232776EC-0E94-4817-8E3E-EF3D2CF4EF81}"
EndProject
Project("{9A19103F-16F7-4668-BE54-9A1E7A4F7556}") = "InterReact.Tests", "InterReact.Tests\InterReact.Tests.csproj", "{42FE34FA-1526-4544-9EE9-76BF83440FF2}"
EndProject
Project("{2150E333-8FDC-42A3-9474-1A3956D46DE8}") = "InterReact.Demos", "InterReact.Demos", "{F153E990-25AA-401C-B6F3-2FA7B664ABB2}"
EndProject
Project("{9A19103F-16F7-4668-BE54-9A1E7A4F7556}") = "CoreClientServer", "InterReact.Demos\CoreClientServer\CoreClientServer.csproj", "{95F58A51-9F02-4FBE-87E1-2EF46934E26B}"
EndProject
Project("{FAE04EC0-301F-11D3-BF4B-00C04F79EFBC}") = "ConsoleHelloWorld", "InterReact.Demos\ConsoleHelloWorld\ConsoleHelloWorld.csproj", "{89D3843E-FE52-4400-8056-0CF6B2032693}"
EndProject
Project("{FAE04EC0-301F-11D3-BF4B-00C04F79EFBC}") = "UwpRealtimeVolume", "InterReact.Demos\UwpRealtimeVolume\UwpRealtimeVolume.csproj", "{96F4FF48-2978-4B28-8DE9-602438175A85}"
EndProject
Project("{FAE04EC0-301F-11D3-BF4B-00C04F79EFBC}") = "WinFormsTicks", "InterReact.Demos\WinFormsTicks\WinFormsTicks.csproj", "{6CD20B1C-6D27-482C-A373-B544CEFB8D54}"
EndProject
Project("{FAE04EC0-301F-11D3-BF4B-00C04F79EFBC}") = "WpfDepth", "InterReact.Demos\WpfDepth\WpfDepth.csproj", "{C199E6B4-6F8B-4FAB-A8BC-2EB1E37E33DD}"
EndProject
Project("{9A19103F-16F7-4668-BE54-9A1E7A4F7556}") = "StringEnums", "..\StringEnums\StringEnums\StringEnums.csproj", "{7B8E348C-0158-4511-8E23-25911628A747}"
EndProject
Project("{9A19103F-16F7-4668-BE54-9A1E7A4F7556}") = "RxSockets", "..\RxSockets\RxSockets\RxSockets.csproj", "{BC89A89C-517D-4CC9-9F26-CE835953EC34}"
EndProject
Project("{9A19103F-16F7-4668-BE54-9A1E7A4F7556}") = "Stringification", "..\Stringification\Stringification\Stringification.csproj", "{D0CF1AA7-8DCF-4A46-817C-93A1B40B8391}"
EndProject
Project("{9A19103F-16F7-4668-BE54-9A1E7A4F7556}") = "MinimalContainer", "..\MinimalContainer\MinimalContainer\MinimalContainer.csproj", "{F26027BE-C1C0-4059-A7F6-6D24514A7E60}"
EndProject
Global
	GlobalSection(SolutionConfigurationPlatforms) = preSolution
		Debug|Any CPU = Debug|Any CPU
		Debug|ARM = Debug|ARM
		Debug|x64 = Debug|x64
		Debug|x86 = Debug|x86
		Release|Any CPU = Release|Any CPU
		Release|ARM = Release|ARM
		Release|x64 = Release|x64
		Release|x86 = Release|x86
	EndGlobalSection
	GlobalSection(ProjectConfigurationPlatforms) = postSolution
		{232776EC-0E94-4817-8E3E-EF3D2CF4EF81}.Debug|Any CPU.ActiveCfg = Debug|Any CPU
		{232776EC-0E94-4817-8E3E-EF3D2CF4EF81}.Debug|Any CPU.Build.0 = Debug|Any CPU
		{232776EC-0E94-4817-8E3E-EF3D2CF4EF81}.Debug|ARM.ActiveCfg = Debug|Any CPU
		{232776EC-0E94-4817-8E3E-EF3D2CF4EF81}.Debug|ARM.Build.0 = Debug|Any CPU
		{232776EC-0E94-4817-8E3E-EF3D2CF4EF81}.Debug|x64.ActiveCfg = Debug|Any CPU
		{232776EC-0E94-4817-8E3E-EF3D2CF4EF81}.Debug|x64.Build.0 = Debug|Any CPU
		{232776EC-0E94-4817-8E3E-EF3D2CF4EF81}.Debug|x86.ActiveCfg = Debug|Any CPU
		{232776EC-0E94-4817-8E3E-EF3D2CF4EF81}.Debug|x86.Build.0 = Debug|Any CPU
		{232776EC-0E94-4817-8E3E-EF3D2CF4EF81}.Release|Any CPU.ActiveCfg = Release|Any CPU
		{232776EC-0E94-4817-8E3E-EF3D2CF4EF81}.Release|Any CPU.Build.0 = Release|Any CPU
		{232776EC-0E94-4817-8E3E-EF3D2CF4EF81}.Release|ARM.ActiveCfg = Release|Any CPU
		{232776EC-0E94-4817-8E3E-EF3D2CF4EF81}.Release|ARM.Build.0 = Release|Any CPU
		{232776EC-0E94-4817-8E3E-EF3D2CF4EF81}.Release|x64.ActiveCfg = Release|Any CPU
		{232776EC-0E94-4817-8E3E-EF3D2CF4EF81}.Release|x64.Build.0 = Release|Any CPU
		{232776EC-0E94-4817-8E3E-EF3D2CF4EF81}.Release|x86.ActiveCfg = Release|Any CPU
		{232776EC-0E94-4817-8E3E-EF3D2CF4EF81}.Release|x86.Build.0 = Release|Any CPU
		{42FE34FA-1526-4544-9EE9-76BF83440FF2}.Debug|Any CPU.ActiveCfg = Debug|Any CPU
		{42FE34FA-1526-4544-9EE9-76BF83440FF2}.Debug|Any CPU.Build.0 = Debug|Any CPU
		{42FE34FA-1526-4544-9EE9-76BF83440FF2}.Debug|ARM.ActiveCfg = Debug|Any CPU
		{42FE34FA-1526-4544-9EE9-76BF83440FF2}.Debug|ARM.Build.0 = Debug|Any CPU
		{42FE34FA-1526-4544-9EE9-76BF83440FF2}.Debug|x64.ActiveCfg = Debug|Any CPU
		{42FE34FA-1526-4544-9EE9-76BF83440FF2}.Debug|x64.Build.0 = Debug|Any CPU
		{42FE34FA-1526-4544-9EE9-76BF83440FF2}.Debug|x86.ActiveCfg = Debug|Any CPU
		{42FE34FA-1526-4544-9EE9-76BF83440FF2}.Debug|x86.Build.0 = Debug|Any CPU
		{42FE34FA-1526-4544-9EE9-76BF83440FF2}.Release|Any CPU.ActiveCfg = Release|Any CPU
		{42FE34FA-1526-4544-9EE9-76BF83440FF2}.Release|Any CPU.Build.0 = Release|Any CPU
		{42FE34FA-1526-4544-9EE9-76BF83440FF2}.Release|ARM.ActiveCfg = Release|Any CPU
		{42FE34FA-1526-4544-9EE9-76BF83440FF2}.Release|ARM.Build.0 = Release|Any CPU
		{42FE34FA-1526-4544-9EE9-76BF83440FF2}.Release|x64.ActiveCfg = Release|Any CPU
		{42FE34FA-1526-4544-9EE9-76BF83440FF2}.Release|x64.Build.0 = Release|Any CPU
		{42FE34FA-1526-4544-9EE9-76BF83440FF2}.Release|x86.ActiveCfg = Release|Any CPU
		{42FE34FA-1526-4544-9EE9-76BF83440FF2}.Release|x86.Build.0 = Release|Any CPU
		{95F58A51-9F02-4FBE-87E1-2EF46934E26B}.Debug|Any CPU.ActiveCfg = Debug|Any CPU
		{95F58A51-9F02-4FBE-87E1-2EF46934E26B}.Debug|Any CPU.Build.0 = Debug|Any CPU
		{95F58A51-9F02-4FBE-87E1-2EF46934E26B}.Debug|ARM.ActiveCfg = Debug|Any CPU
		{95F58A51-9F02-4FBE-87E1-2EF46934E26B}.Debug|ARM.Build.0 = Debug|Any CPU
		{95F58A51-9F02-4FBE-87E1-2EF46934E26B}.Debug|x64.ActiveCfg = Debug|Any CPU
		{95F58A51-9F02-4FBE-87E1-2EF46934E26B}.Debug|x64.Build.0 = Debug|Any CPU
		{95F58A51-9F02-4FBE-87E1-2EF46934E26B}.Debug|x86.ActiveCfg = Debug|Any CPU
		{95F58A51-9F02-4FBE-87E1-2EF46934E26B}.Debug|x86.Build.0 = Debug|Any CPU
		{95F58A51-9F02-4FBE-87E1-2EF46934E26B}.Release|Any CPU.ActiveCfg = Release|Any CPU
		{95F58A51-9F02-4FBE-87E1-2EF46934E26B}.Release|Any CPU.Build.0 = Release|Any CPU
		{95F58A51-9F02-4FBE-87E1-2EF46934E26B}.Release|ARM.ActiveCfg = Release|Any CPU
		{95F58A51-9F02-4FBE-87E1-2EF46934E26B}.Release|ARM.Build.0 = Release|Any CPU
		{95F58A51-9F02-4FBE-87E1-2EF46934E26B}.Release|x64.ActiveCfg = Release|Any CPU
		{95F58A51-9F02-4FBE-87E1-2EF46934E26B}.Release|x64.Build.0 = Release|Any CPU
		{95F58A51-9F02-4FBE-87E1-2EF46934E26B}.Release|x86.ActiveCfg = Release|Any CPU
		{95F58A51-9F02-4FBE-87E1-2EF46934E26B}.Release|x86.Build.0 = Release|Any CPU
		{89D3843E-FE52-4400-8056-0CF6B2032693}.Debug|Any CPU.ActiveCfg = Debug|Any CPU
		{89D3843E-FE52-4400-8056-0CF6B2032693}.Debug|Any CPU.Build.0 = Debug|Any CPU
		{89D3843E-FE52-4400-8056-0CF6B2032693}.Debug|ARM.ActiveCfg = Debug|Any CPU
		{89D3843E-FE52-4400-8056-0CF6B2032693}.Debug|ARM.Build.0 = Debug|Any CPU
		{89D3843E-FE52-4400-8056-0CF6B2032693}.Debug|x64.ActiveCfg = Debug|Any CPU
		{89D3843E-FE52-4400-8056-0CF6B2032693}.Debug|x64.Build.0 = Debug|Any CPU
		{89D3843E-FE52-4400-8056-0CF6B2032693}.Debug|x86.ActiveCfg = Debug|Any CPU
		{89D3843E-FE52-4400-8056-0CF6B2032693}.Debug|x86.Build.0 = Debug|Any CPU
		{89D3843E-FE52-4400-8056-0CF6B2032693}.Release|Any CPU.ActiveCfg = Release|Any CPU
		{89D3843E-FE52-4400-8056-0CF6B2032693}.Release|Any CPU.Build.0 = Release|Any CPU
		{89D3843E-FE52-4400-8056-0CF6B2032693}.Release|ARM.ActiveCfg = Release|Any CPU
		{89D3843E-FE52-4400-8056-0CF6B2032693}.Release|ARM.Build.0 = Release|Any CPU
		{89D3843E-FE52-4400-8056-0CF6B2032693}.Release|x64.ActiveCfg = Release|Any CPU
		{89D3843E-FE52-4400-8056-0CF6B2032693}.Release|x64.Build.0 = Release|Any CPU
		{89D3843E-FE52-4400-8056-0CF6B2032693}.Release|x86.ActiveCfg = Release|Any CPU
		{89D3843E-FE52-4400-8056-0CF6B2032693}.Release|x86.Build.0 = Release|Any CPU
		{96F4FF48-2978-4B28-8DE9-602438175A85}.Debug|Any CPU.ActiveCfg = Debug|x86
		{96F4FF48-2978-4B28-8DE9-602438175A85}.Debug|ARM.ActiveCfg = Debug|ARM
		{96F4FF48-2978-4B28-8DE9-602438175A85}.Debug|ARM.Build.0 = Debug|ARM
		{96F4FF48-2978-4B28-8DE9-602438175A85}.Debug|ARM.Deploy.0 = Debug|ARM
		{96F4FF48-2978-4B28-8DE9-602438175A85}.Debug|x64.ActiveCfg = Debug|x64
		{96F4FF48-2978-4B28-8DE9-602438175A85}.Debug|x64.Build.0 = Debug|x64
		{96F4FF48-2978-4B28-8DE9-602438175A85}.Debug|x64.Deploy.0 = Debug|x64
		{96F4FF48-2978-4B28-8DE9-602438175A85}.Debug|x86.ActiveCfg = Debug|x86
		{96F4FF48-2978-4B28-8DE9-602438175A85}.Debug|x86.Build.0 = Debug|x86
		{96F4FF48-2978-4B28-8DE9-602438175A85}.Debug|x86.Deploy.0 = Debug|x86
		{96F4FF48-2978-4B28-8DE9-602438175A85}.Release|Any CPU.ActiveCfg = Release|x86
		{96F4FF48-2978-4B28-8DE9-602438175A85}.Release|ARM.ActiveCfg = Release|ARM
		{96F4FF48-2978-4B28-8DE9-602438175A85}.Release|ARM.Build.0 = Release|ARM
		{96F4FF48-2978-4B28-8DE9-602438175A85}.Release|ARM.Deploy.0 = Release|ARM
		{96F4FF48-2978-4B28-8DE9-602438175A85}.Release|x64.ActiveCfg = Release|x64
		{96F4FF48-2978-4B28-8DE9-602438175A85}.Release|x64.Build.0 = Release|x64
		{96F4FF48-2978-4B28-8DE9-602438175A85}.Release|x64.Deploy.0 = Release|x64
		{96F4FF48-2978-4B28-8DE9-602438175A85}.Release|x86.ActiveCfg = Release|x86
		{96F4FF48-2978-4B28-8DE9-602438175A85}.Release|x86.Build.0 = Release|x86
		{96F4FF48-2978-4B28-8DE9-602438175A85}.Release|x86.Deploy.0 = Release|x86
		{6CD20B1C-6D27-482C-A373-B544CEFB8D54}.Debug|Any CPU.ActiveCfg = Debug|Any CPU
		{6CD20B1C-6D27-482C-A373-B544CEFB8D54}.Debug|Any CPU.Build.0 = Debug|Any CPU
		{6CD20B1C-6D27-482C-A373-B544CEFB8D54}.Debug|ARM.ActiveCfg = Debug|Any CPU
		{6CD20B1C-6D27-482C-A373-B544CEFB8D54}.Debug|ARM.Build.0 = Debug|Any CPU
		{6CD20B1C-6D27-482C-A373-B544CEFB8D54}.Debug|x64.ActiveCfg = Debug|Any CPU
		{6CD20B1C-6D27-482C-A373-B544CEFB8D54}.Debug|x64.Build.0 = Debug|Any CPU
		{6CD20B1C-6D27-482C-A373-B544CEFB8D54}.Debug|x86.ActiveCfg = Debug|Any CPU
		{6CD20B1C-6D27-482C-A373-B544CEFB8D54}.Debug|x86.Build.0 = Debug|Any CPU
		{6CD20B1C-6D27-482C-A373-B544CEFB8D54}.Release|Any CPU.ActiveCfg = Release|Any CPU
		{6CD20B1C-6D27-482C-A373-B544CEFB8D54}.Release|Any CPU.Build.0 = Release|Any CPU
		{6CD20B1C-6D27-482C-A373-B544CEFB8D54}.Release|ARM.ActiveCfg = Release|Any CPU
		{6CD20B1C-6D27-482C-A373-B544CEFB8D54}.Release|ARM.Build.0 = Release|Any CPU
		{6CD20B1C-6D27-482C-A373-B544CEFB8D54}.Release|x64.ActiveCfg = Release|Any CPU
		{6CD20B1C-6D27-482C-A373-B544CEFB8D54}.Release|x64.Build.0 = Release|Any CPU
		{6CD20B1C-6D27-482C-A373-B544CEFB8D54}.Release|x86.ActiveCfg = Release|Any CPU
		{6CD20B1C-6D27-482C-A373-B544CEFB8D54}.Release|x86.Build.0 = Release|Any CPU
		{C199E6B4-6F8B-4FAB-A8BC-2EB1E37E33DD}.Debug|Any CPU.ActiveCfg = Debug|Any CPU
		{C199E6B4-6F8B-4FAB-A8BC-2EB1E37E33DD}.Debug|Any CPU.Build.0 = Debug|Any CPU
		{C199E6B4-6F8B-4FAB-A8BC-2EB1E37E33DD}.Debug|ARM.ActiveCfg = Debug|Any CPU
		{C199E6B4-6F8B-4FAB-A8BC-2EB1E37E33DD}.Debug|ARM.Build.0 = Debug|Any CPU
		{C199E6B4-6F8B-4FAB-A8BC-2EB1E37E33DD}.Debug|x64.ActiveCfg = Debug|Any CPU
		{C199E6B4-6F8B-4FAB-A8BC-2EB1E37E33DD}.Debug|x64.Build.0 = Debug|Any CPU
		{C199E6B4-6F8B-4FAB-A8BC-2EB1E37E33DD}.Debug|x86.ActiveCfg = Debug|Any CPU
		{C199E6B4-6F8B-4FAB-A8BC-2EB1E37E33DD}.Debug|x86.Build.0 = Debug|Any CPU
		{C199E6B4-6F8B-4FAB-A8BC-2EB1E37E33DD}.Release|Any CPU.ActiveCfg = Release|Any CPU
		{C199E6B4-6F8B-4FAB-A8BC-2EB1E37E33DD}.Release|Any CPU.Build.0 = Release|Any CPU
		{C199E6B4-6F8B-4FAB-A8BC-2EB1E37E33DD}.Release|ARM.ActiveCfg = Release|Any CPU
		{C199E6B4-6F8B-4FAB-A8BC-2EB1E37E33DD}.Release|ARM.Build.0 = Release|Any CPU
		{C199E6B4-6F8B-4FAB-A8BC-2EB1E37E33DD}.Release|x64.ActiveCfg = Release|Any CPU
		{C199E6B4-6F8B-4FAB-A8BC-2EB1E37E33DD}.Release|x64.Build.0 = Release|Any CPU
		{C199E6B4-6F8B-4FAB-A8BC-2EB1E37E33DD}.Release|x86.ActiveCfg = Release|Any CPU
		{C199E6B4-6F8B-4FAB-A8BC-2EB1E37E33DD}.Release|x86.Build.0 = Release|Any CPU
		{7B8E348C-0158-4511-8E23-25911628A747}.Debug|Any CPU.ActiveCfg = Debug|Any CPU
		{7B8E348C-0158-4511-8E23-25911628A747}.Debug|Any CPU.Build.0 = Debug|Any CPU
		{7B8E348C-0158-4511-8E23-25911628A747}.Debug|ARM.ActiveCfg = Debug|Any CPU
		{7B8E348C-0158-4511-8E23-25911628A747}.Debug|ARM.Build.0 = Debug|Any CPU
		{7B8E348C-0158-4511-8E23-25911628A747}.Debug|x64.ActiveCfg = Debug|Any CPU
		{7B8E348C-0158-4511-8E23-25911628A747}.Debug|x64.Build.0 = Debug|Any CPU
		{7B8E348C-0158-4511-8E23-25911628A747}.Debug|x86.ActiveCfg = Debug|Any CPU
		{7B8E348C-0158-4511-8E23-25911628A747}.Debug|x86.Build.0 = Debug|Any CPU
		{7B8E348C-0158-4511-8E23-25911628A747}.Release|Any CPU.ActiveCfg = Release|Any CPU
		{7B8E348C-0158-4511-8E23-25911628A747}.Release|Any CPU.Build.0 = Release|Any CPU
		{7B8E348C-0158-4511-8E23-25911628A747}.Release|ARM.ActiveCfg = Release|Any CPU
		{7B8E348C-0158-4511-8E23-25911628A747}.Release|ARM.Build.0 = Release|Any CPU
		{7B8E348C-0158-4511-8E23-25911628A747}.Release|x64.ActiveCfg = Release|Any CPU
		{7B8E348C-0158-4511-8E23-25911628A747}.Release|x64.Build.0 = Release|Any CPU
		{7B8E348C-0158-4511-8E23-25911628A747}.Release|x86.ActiveCfg = Release|Any CPU
		{7B8E348C-0158-4511-8E23-25911628A747}.Release|x86.Build.0 = Release|Any CPU
		{BC89A89C-517D-4CC9-9F26-CE835953EC34}.Debug|Any CPU.ActiveCfg = Debug|Any CPU
		{BC89A89C-517D-4CC9-9F26-CE835953EC34}.Debug|Any CPU.Build.0 = Debug|Any CPU
		{BC89A89C-517D-4CC9-9F26-CE835953EC34}.Debug|ARM.ActiveCfg = Debug|Any CPU
		{BC89A89C-517D-4CC9-9F26-CE835953EC34}.Debug|ARM.Build.0 = Debug|Any CPU
		{BC89A89C-517D-4CC9-9F26-CE835953EC34}.Debug|x64.ActiveCfg = Debug|Any CPU
		{BC89A89C-517D-4CC9-9F26-CE835953EC34}.Debug|x64.Build.0 = Debug|Any CPU
		{BC89A89C-517D-4CC9-9F26-CE835953EC34}.Debug|x86.ActiveCfg = Debug|Any CPU
		{BC89A89C-517D-4CC9-9F26-CE835953EC34}.Debug|x86.Build.0 = Debug|Any CPU
		{BC89A89C-517D-4CC9-9F26-CE835953EC34}.Release|Any CPU.ActiveCfg = Release|Any CPU
		{BC89A89C-517D-4CC9-9F26-CE835953EC34}.Release|Any CPU.Build.0 = Release|Any CPU
		{BC89A89C-517D-4CC9-9F26-CE835953EC34}.Release|ARM.ActiveCfg = Release|Any CPU
		{BC89A89C-517D-4CC9-9F26-CE835953EC34}.Release|ARM.Build.0 = Release|Any CPU
		{BC89A89C-517D-4CC9-9F26-CE835953EC34}.Release|x64.ActiveCfg = Release|Any CPU
		{BC89A89C-517D-4CC9-9F26-CE835953EC34}.Release|x64.Build.0 = Release|Any CPU
		{BC89A89C-517D-4CC9-9F26-CE835953EC34}.Release|x86.ActiveCfg = Release|Any CPU
		{BC89A89C-517D-4CC9-9F26-CE835953EC34}.Release|x86.Build.0 = Release|Any CPU
		{D0CF1AA7-8DCF-4A46-817C-93A1B40B8391}.Debug|Any CPU.ActiveCfg = Debug|Any CPU
		{D0CF1AA7-8DCF-4A46-817C-93A1B40B8391}.Debug|Any CPU.Build.0 = Debug|Any CPU
		{D0CF1AA7-8DCF-4A46-817C-93A1B40B8391}.Debug|ARM.ActiveCfg = Debug|Any CPU
		{D0CF1AA7-8DCF-4A46-817C-93A1B40B8391}.Debug|ARM.Build.0 = Debug|Any CPU
		{D0CF1AA7-8DCF-4A46-817C-93A1B40B8391}.Debug|x64.ActiveCfg = Debug|Any CPU
		{D0CF1AA7-8DCF-4A46-817C-93A1B40B8391}.Debug|x64.Build.0 = Debug|Any CPU
		{D0CF1AA7-8DCF-4A46-817C-93A1B40B8391}.Debug|x86.ActiveCfg = Debug|Any CPU
		{D0CF1AA7-8DCF-4A46-817C-93A1B40B8391}.Debug|x86.Build.0 = Debug|Any CPU
		{D0CF1AA7-8DCF-4A46-817C-93A1B40B8391}.Release|Any CPU.ActiveCfg = Release|Any CPU
		{D0CF1AA7-8DCF-4A46-817C-93A1B40B8391}.Release|Any CPU.Build.0 = Release|Any CPU
		{D0CF1AA7-8DCF-4A46-817C-93A1B40B8391}.Release|ARM.ActiveCfg = Release|Any CPU
		{D0CF1AA7-8DCF-4A46-817C-93A1B40B8391}.Release|ARM.Build.0 = Release|Any CPU
		{D0CF1AA7-8DCF-4A46-817C-93A1B40B8391}.Release|x64.ActiveCfg = Release|Any CPU
		{D0CF1AA7-8DCF-4A46-817C-93A1B40B8391}.Release|x64.Build.0 = Release|Any CPU
		{D0CF1AA7-8DCF-4A46-817C-93A1B40B8391}.Release|x86.ActiveCfg = Release|Any CPU
		{D0CF1AA7-8DCF-4A46-817C-93A1B40B8391}.Release|x86.Build.0 = Release|Any CPU
		{F26027BE-C1C0-4059-A7F6-6D24514A7E60}.Debug|Any CPU.ActiveCfg = Debug|Any CPU
		{F26027BE-C1C0-4059-A7F6-6D24514A7E60}.Debug|Any CPU.Build.0 = Debug|Any CPU
		{F26027BE-C1C0-4059-A7F6-6D24514A7E60}.Debug|ARM.ActiveCfg = Debug|Any CPU
		{F26027BE-C1C0-4059-A7F6-6D24514A7E60}.Debug|ARM.Build.0 = Debug|Any CPU
		{F26027BE-C1C0-4059-A7F6-6D24514A7E60}.Debug|x64.ActiveCfg = Debug|Any CPU
		{F26027BE-C1C0-4059-A7F6-6D24514A7E60}.Debug|x64.Build.0 = Debug|Any CPU
		{F26027BE-C1C0-4059-A7F6-6D24514A7E60}.Debug|x86.ActiveCfg = Debug|Any CPU
		{F26027BE-C1C0-4059-A7F6-6D24514A7E60}.Debug|x86.Build.0 = Debug|Any CPU
		{F26027BE-C1C0-4059-A7F6-6D24514A7E60}.Release|Any CPU.ActiveCfg = Release|Any CPU
		{F26027BE-C1C0-4059-A7F6-6D24514A7E60}.Release|Any CPU.Build.0 = Release|Any CPU
		{F26027BE-C1C0-4059-A7F6-6D24514A7E60}.Release|ARM.ActiveCfg = Release|Any CPU
		{F26027BE-C1C0-4059-A7F6-6D24514A7E60}.Release|ARM.Build.0 = Release|Any CPU
		{F26027BE-C1C0-4059-A7F6-6D24514A7E60}.Release|x64.ActiveCfg = Release|Any CPU
		{F26027BE-C1C0-4059-A7F6-6D24514A7E60}.Release|x64.Build.0 = Release|Any CPU
		{F26027BE-C1C0-4059-A7F6-6D24514A7E60}.Release|x86.ActiveCfg = Release|Any CPU
		{F26027BE-C1C0-4059-A7F6-6D24514A7E60}.Release|x86.Build.0 = Release|Any CPU
	EndGlobalSection
	GlobalSection(SolutionProperties) = preSolution
		HideSolutionNode = FALSE
	EndGlobalSection
	GlobalSection(NestedProjects) = preSolution
		{95F58A51-9F02-4FBE-87E1-2EF46934E26B} = {F153E990-25AA-401C-B6F3-2FA7B664ABB2}
		{89D3843E-FE52-4400-8056-0CF6B2032693} = {F153E990-25AA-401C-B6F3-2FA7B664ABB2}
		{96F4FF48-2978-4B28-8DE9-602438175A85} = {F153E990-25AA-401C-B6F3-2FA7B664ABB2}
		{6CD20B1C-6D27-482C-A373-B544CEFB8D54} = {F153E990-25AA-401C-B6F3-2FA7B664ABB2}
		{C199E6B4-6F8B-4FAB-A8BC-2EB1E37E33DD} = {F153E990-25AA-401C-B6F3-2FA7B664ABB2}
	EndGlobalSection
	GlobalSection(ExtensibilityGlobals) = postSolution
		SolutionGuid = {C4A29073-112D-4DFD-9382-00EE23A92F7C}
	EndGlobalSection
EndGlobal
